// !$*UTF8*$!
{
	archiveVersion = 1;
	classes = {
	};
	objectVersion = 77;
	objects = {

/* Begin PBXBuildFile section */
		95ED46DA2F3D2C9700D290A6 /* MovieModel.xcdatamodeld in Sources */ = {isa = PBXBuildFile; fileRef = 95ED46D82F3D2C9700D290A6 /* MovieModel.xcdatamodeld */; };
		95ED47092F3D31E900D290A6 /* FirebaseAnalytics in Frameworks */ = {isa = PBXBuildFile; productRef = 95ED47082F3D31E900D290A6 /* FirebaseAnalytics */; };
		95ED470B2F3D31E900D290A6 /* FirebaseAuth in Frameworks */ = {isa = PBXBuildFile; productRef = 95ED470A2F3D31E900D290A6 /* FirebaseAuth */; };
		95ED470D2F3D31E900D290A6 /* FirebaseDatabase in Frameworks */ = {isa = PBXBuildFile; productRef = 95ED470C2F3D31E900D290A6 /* FirebaseDatabase */; };
		95ED470F2F3D31E900D290A6 /* FirebaseFirestore in Frameworks */ = {isa = PBXBuildFile; productRef = 95ED470E2F3D31E900D290A6 /* FirebaseFirestore */; };
		95ED47122F3D336C00D290A6 /* Kingfisher in Frameworks */ = {isa = PBXBuildFile; productRef = 95ED47112F3D336C00D290A6 /* Kingfisher */; };
/* End PBXBuildFile section */

/* Begin PBXContainerItemProxy section */
		95ED471F2F3D366700D290A6 /* PBXContainerItemProxy */ = {
			isa = PBXContainerItemProxy;
			containerPortal = 95ED46B02F3D291400D290A6 /* Project object */;
			proxyType = 1;
			remoteGlobalIDString = 95ED46B72F3D291400D290A6;
			remoteInfo = "Movie Discovery App";
		};
/* End PBXContainerItemProxy section */

/* Begin PBXFileReference section */
		95ED46B82F3D291400D290A6 /* Movie Discovery App.app */ = {isa = PBXFileReference; explicitFileType = wrapper.application; includeInIndex = 0; path = "Movie Discovery App.app"; sourceTree = BUILT_PRODUCTS_DIR; };
		95ED46D92F3D2C9700D290A6 /* MovieModel.xcdatamodel */ = {isa = PBXFileReference; lastKnownFileType = wrapper.xcdatamodel; path = MovieModel.xcdatamodel; sourceTree = "<group>"; };
		95ED47182F3D366100D290A6 /* Movie Discovery AppTests.xctest */ = {isa = PBXFileReference; explicitFileType = wrapper.cfbundle; includeInIndex = 0; path = "Movie Discovery AppTests.xctest"; sourceTree = BUILT_PRODUCTS_DIR; };
/* End PBXFileReference section */

/* Begin PBXFileSystemSynchronizedBuildFileExceptionSet section */
		95ED47132F3D349200D290A6 /* Exceptions for "Movie Discovery App" folder in "Movie Discovery App" target */ = {
			isa = PBXFileSystemSynchronizedBuildFileExceptionSet;
			membershipExceptions = (
				CacheLogicTests.swift,
				ProfileValidationTests.swift,
			);
			target = 95ED46B72F3D291400D290A6 /* Movie Discovery App */;
		};
		95ED47222F3D371800D290A6 /* Exceptions for "Movie Discovery App" folder in "Movie Discovery AppTests" target */ = {
			isa = PBXFileSystemSynchronizedBuildFileExceptionSet;
			membershipExceptions = (
				CacheLogicTests.swift,
				ProfileValidationTests.swift,
			);
			target = 95ED47172F3D366100D290A6 /* Movie Discovery AppTests */;
		};
/* End PBXFileSystemSynchronizedBuildFileExceptionSet section */

/* Begin PBXFileSystemSynchronizedRootGroup section */
		95ED46BA2F3D291400D290A6 /* Movie Discovery App */ = {
			isa = PBXFileSystemSynchronizedRootGroup;
			exceptions = (
				95ED47132F3D349200D290A6 /* Exceptions for "Movie Discovery App" folder in "Movie Discovery App" target */,
				95ED47222F3D371800D290A6 /* Exceptions for "Movie Discovery App" folder in "Movie Discovery AppTests" target */,
			);
			path = "Movie Discovery App";
			sourceTree = "<group>";
		};
		95ED47192F3D366100D290A6 /* Movie Discovery AppTests */ = {
			isa = PBXFileSystemSynchronizedRootGroup;
			path = "Movie Discovery AppTests";
			sourceTree = "<group>";
		};
/* End PBXFileSystemSynchronizedRootGroup section */

/* Begin PBXFrameworksBuildPhase section */
		95ED46B52F3D291400D290A6 /* Frameworks */ = {
			isa = PBXFrameworksBuildPhase;
			buildActionMask = 2147483647;
			files = (
				95ED470D2F3D31E900D290A6 /* FirebaseDatabase in Frameworks */,
				95ED470F2F3D31E900D290A6 /* FirebaseFirestore in Frameworks */,
				95ED47092F3D31E900D290A6 /* FirebaseAnalytics in Frameworks */,
				95ED470B2F3D31E900D290A6 /* FirebaseAuth in Frameworks */,
				95ED47122F3D336C00D290A6 /* Kingfisher in Frameworks */,
			);
			runOnlyForDeploymentPostprocessing = 0;
		};
		95ED47152F3D366100D290A6 /* Frameworks */ = {
			isa = PBXFrameworksBuildPhase;
			buildActionMask = 2147483647;
			files = (
			);
			runOnlyForDeploymentPostprocessing = 0;
		};
/* End PBXFrameworksBuildPhase section */

/* Begin PBXGroup section */
		95ED46AF2F3D291400D290A6 = {
			isa = PBXGroup;
			children = (
				95ED46D82F3D2C9700D290A6 /* MovieModel.xcdatamodeld */,
				95ED46BA2F3D291400D290A6 /* Movie Discovery App */,
				95ED47192F3D366100D290A6 /* Movie Discovery AppTests */,
				95ED46B92F3D291400D290A6 /* Products */,
			);
			sourceTree = "<group>";
		};
		95ED46B92F3D291400D290A6 /* Products */ = {
			isa = PBXGroup;
			children = (
				95ED46B82F3D291400D290A6 /* Movie Discovery App.app */,
				95ED47182F3D366100D290A6 /* Movie Discovery AppTests.xctest */,
			);
			name = Products;
			sourceTree = "<group>";
		};
/* End PBXGroup section */

/* Begin PBXNativeTarget section */
		95ED46B72F3D291400D290A6 /* Movie Discovery App */ = {
			isa = PBXNativeTarget;
			buildConfigurationList = 95ED46C32F3D291700D290A6 /* Build configuration list for PBXNativeTarget "Movie Discovery App" */;
			buildPhases = (
				95ED46B42F3D291400D290A6 /* Sources */,
				95ED46B52F3D291400D290A6 /* Frameworks */,
				95ED46B62F3D291400D290A6 /* Resources */,
			);
			buildRules = (
			);
			dependencies = (
			);
			fileSystemSynchronizedGroups = (
				95ED46BA2F3D291400D290A6 /* Movie Discovery App */,
			);
			name = "Movie Discovery App";
			packageProductDependencies = (
				95ED47082F3D31E900D290A6 /* FirebaseAnalytics */,
				95ED470A2F3D31E900D290A6 /* FirebaseAuth */,
				95ED470C2F3D31E900D290A6 /* FirebaseDatabase */,
				95ED470E2F3D31E900D290A6 /* FirebaseFirestore */,
				95ED47112F3D336C00D290A6 /* Kingfisher */,
			);
			productName = "Movie Discovery App";
			productReference = 95ED46B82F3D291400D290A6 /* Movie Discovery App.app */;
			productType = "com.apple.product-type.application";
		};
		95ED47172F3D366100D290A6 /* Movie Discovery AppTests */ = {
			isa = PBXNativeTarget;
			buildConfigurationList = 95ED471C2F3D366100D290A6 /* Build configuration list for PBXNativeTarget "Movie Discovery AppTests" */;
			buildPhases = (
				95ED47142F3D366100D290A6 /* Sources */,
				95ED47152F3D366100D290A6 /* Frameworks */,
				95ED47162F3D366100D290A6 /* Resources */,
			);
			buildRules = (
			);
			dependencies = (
				95ED47202F3D366700D290A6 /* PBXTargetDependency */,
			);
			fileSystemSynchronizedGroups = (
				95ED47192F3D366100D290A6 /* Movie Discovery AppTests */,
			);
			name = "Movie Discovery AppTests";
			packageProductDependencies = (
			);
			productName = "Movie Discovery AppTests";
			productReference = 95ED47182F3D366100D290A6 /* Movie Discovery AppTests.xctest */;
			productType = "com.apple.product-type.bundle.unit-test";
		};
/* End PBXNativeTarget section */

/* Begin PBXProject section */
		95ED46B02F3D291400D290A6 /* Project object */ = {
			isa = PBXProject;
			attributes = {
				BuildIndependentTargetsInParallel = 1;
				LastSwiftUpdateCheck = 2620;
				LastUpgradeCheck = 2620;
				TargetAttributes = {
					95ED46B72F3D291400D290A6 = {
						CreatedOnToolsVersion = 26.2;
					};
					95ED47172F3D366100D290A6 = {
						CreatedOnToolsVersion = 26.2;
						TestTargetID = 95ED46B72F3D291400D290A6;
					};
				};
			};
			buildConfigurationList = 95ED46B32F3D291400D290A6 /* Build configuration list for PBXProject "Movie Discovery App" */;
			developmentRegion = en;
			hasScannedForEncodings = 0;
			knownRegions = (
				en,
				Base,
			);
			mainGroup = 95ED46AF2F3D291400D290A6;
			minimizedProjectReferenceProxies = 1;
			packageReferences = (
				95ED47072F3D31E900D290A6 /* XCRemoteSwiftPackageReference "firebase-ios-sdk" */,
				95ED47102F3D336C00D290A6 /* XCRemoteSwiftPackageReference "Kingfisher" */,
			);
			preferredProjectObjectVersion = 77;
			productRefGroup = 95ED46B92F3D291400D290A6 /* Products */;
			projectDirPath = "";
			projectRoot = "";
			targets = (
				95ED46B72F3D291400D290A6 /* Movie Discovery App */,
				95ED47172F3D366100D290A6 /* Movie Discovery AppTests */,
			);
		};
/* End PBXProject section */

/* Begin PBXResourcesBuildPhase section */
		95ED46B62F3D291400D290A6 /* Resources */ = {
			isa = PBXResourcesBuildPhase;
			buildActionMask = 2147483647;
			files = (
			);
			runOnlyForDeploymentPostprocessing = 0;
		};
		95ED47162F3D366100D290A6 /* Resources */ = {
			isa = PBXResourcesBuildPhase;
			buildActionMask = 2147483647;
			files = (
			);
			runOnlyForDeploymentPostprocessing = 0;
		};
/* End PBXResourcesBuildPhase section */

/* Begin PBXSourcesBuildPhase section */
		95ED46B42F3D291400D290A6 /* Sources */ = {
			isa = PBXSourcesBuildPhase;
			buildActionMask = 2147483647;
			files = (
				95ED46DA2F3D2C9700D290A6 /* MovieModel.xcdatamodeld in Sources */,
			);
			runOnlyForDeploymentPostprocessing = 0;
		};
		95ED47142F3D366100D290A6 /* Sources */ = {
			isa = PBXSourcesBuildPhase;
			buildActionMask = 2147483647;
			files = (
			);
			runOnlyForDeploymentPostprocessing = 0;
		};
/* End PBXSourcesBuildPhase section */

/* Begin PBXTargetDependency section */
		95ED47202F3D366700D290A6 /* PBXTargetDependency */ = {
			isa = PBXTargetDependency;
			target = 95ED46B72F3D291400D290A6 /* Movie Discovery App */;
			targetProxy = 95ED471F2F3D366700D290A6 /* PBXContainerItemProxy */;
		};
/* End PBXTargetDependency section */

/* Begin XCBuildConfiguration section */
		95ED46C12F3D291700D290A6 /* Debug */ = {
			isa = XCBuildConfiguration;
			buildSettings = {
				ALWAYS_SEARCH_USER_PATHS = NO;
				ASSETCATALOG_COMPILER_GENERATE_SWIFT_ASSET_SYMBOL_EXTENSIONS = YES;
				CLANG_ANALYZER_NONNULL = YES;
				CLANG_ANALYZER_NUMBER_OBJECT_CONVERSION = YES_AGGRESSIVE;
				CLANG_CXX_LANGUAGE_STANDARD = "gnu++20";
				CLANG_ENABLE_MODULES = YES;
				CLANG_ENABLE_OBJC_ARC = YES;
				CLANG_ENABLE_OBJC_WEAK = YES;
				CLANG_WARN_BLOCK_CAPTURE_AUTORELEASING = YES;
				CLANG_WARN_BOOL_CONVERSION = YES;
				CLANG_WARN_COMMA = YES;
				CLANG_WARN_CONSTANT_CONVERSION = YES;
				CLANG_WARN_DEPRECATED_OBJC_IMPLEMENTATIONS = YES;
				CLANG_WARN_DIRECT_OBJC_ISA_USAGE = YES_ERROR;
				CLANG_WARN_DOCUMENTATION_COMMENTS = YES;
				CLANG_WARN_EMPTY_BODY = YES;
				CLANG_WARN_ENUM_CONVERSION = YES;
				CLANG_WARN_INFINITE_RECURSION = YES;
				CLANG_WARN_INT_CONVERSION = YES;
				CLANG_WARN_NON_LITERAL_NULL_CONVERSION = YES;
				CLANG_WARN_OBJC_IMPLICIT_RETAIN_SELF = YES;
				CLANG_WARN_OBJC_LITERAL_CONVERSION = YES;
				CLANG_WARN_OBJC_ROOT_CLASS = YES_ERROR;
				CLANG_WARN_QUOTED_INCLUDE_IN_FRAMEWORK_HEADER = YES;
				CLANG_WARN_RANGE_LOOP_ANALYSIS = YES;
				CLANG_WARN_STRICT_PROTOTYPES = YES;
				CLANG_WARN_SUSPICIOUS_MOVE = YES;
				CLANG_WARN_UNGUARDED_AVAILABILITY = YES_AGGRESSIVE;
				CLANG_WARN_UNREACHABLE_CODE = YES;
				CLANG_WARN__DUPLICATE_METHOD_MATCH = YES;
				COPY_PHASE_STRIP = NO;
				DEBUG_INFORMATION_FORMAT = dwarf;
				ENABLE_STRICT_OBJC_MSGSEND = YES;
				ENABLE_TESTABILITY = YES;
				ENABLE_USER_SCRIPT_SANDBOXING = YES;
				GCC_C_LANGUAGE_STANDARD = gnu17;
				GCC_DYNAMIC_NO_PIC = NO;
				GCC_NO_COMMON_BLOCKS = YES;
				GCC_OPTIMIZATION_LEVEL = 0;
				GCC_PREPROCESSOR_DEFINITIONS = (
					"DEBUG=1",
					"$(inherited)",
				);
				GCC_WARN_64_TO_32_BIT_CONVERSION = YES;
				GCC_WARN_ABOUT_RETURN_TYPE = YES_ERROR;
				GCC_WARN_UNDECLARED_SELECTOR = YES;
				GCC_WARN_UNINITIALIZED_AUTOS = YES_AGGRESSIVE;
				GCC_WARN_UNUSED_FUNCTION = YES;
				GCC_WARN_UNUSED_VARIABLE = YES;
				IPHONEOS_DEPLOYMENT_TARGET = 26.2;
				LOCALIZATION_PREFERS_STRING_CATALOGS = YES;
				MTL_ENABLE_DEBUG_INFO = INCLUDE_SOURCE;
				MTL_FAST_MATH = YES;
				ONLY_ACTIVE_ARCH = YES;
				SDKROOT = iphoneos;
				SWIFT_ACTIVE_COMPILATION_CONDITIONS = "DEBUG $(inherited)";
				SWIFT_OPTIMIZATION_LEVEL = "-Onone";
			};
			name = Debug;
		};
		95ED46C22F3D291700D290A6 /* Release */ = {
			isa = XCBuildConfiguration;
			buildSettings = {
				ALWAYS_SEARCH_USER_PATHS = NO;
				ASSETCATALOG_COMPILER_GENERATE_SWIFT_ASSET_SYMBOL_EXTENSIONS = YES;
				CLANG_ANALYZER_NONNULL = YES;
				CLANG_ANALYZER_NUMBER_OBJECT_CONVERSION = YES_AGGRESSIVE;
				CLANG_CXX_LANGUAGE_STANDARD = "gnu++20";
				CLANG_ENABLE_MODULES = YES;
				CLANG_ENABLE_OBJC_ARC = YES;
				CLANG_ENABLE_OBJC_WEAK = YES;
				CLANG_WARN_BLOCK_CAPTURE_AUTORELEASING = YES;
				CLANG_WARN_BOOL_CONVERSION = YES;
				CLANG_WARN_COMMA = YES;
				CLANG_WARN_CONSTANT_CONVERSION = YES;
				CLANG_WARN_DEPRECATED_OBJC_IMPLEMENTATIONS = YES;
				CLANG_WARN_DIRECT_OBJC_ISA_USAGE = YES_ERROR;
				CLANG_WARN_DOCUMENTATION_COMMENTS = YES;
				CLANG_WARN_EMPTY_BODY = YES;
				CLANG_WARN_ENUM_CONVERSION = YES;
				CLANG_WARN_INFINITE_RECURSION = YES;
				CLANG_WARN_INT_CONVERSION = YES;
				CLANG_WARN_NON_LITERAL_NULL_CONVERSION = YES;
				CLANG_WARN_OBJC_IMPLICIT_RETAIN_SELF = YES;
				CLANG_WARN_OBJC_LITERAL_CONVERSION = YES;
				CLANG_WARN_OBJC_ROOT_CLASS = YES_ERROR;
				CLANG_WARN_QUOTED_INCLUDE_IN_FRAMEWORK_HEADER = YES;
				CLANG_WARN_RANGE_LOOP_ANALYSIS = YES;
				CLANG_WARN_STRICT_PROTOTYPES = YES;
				CLANG_WARN_SUSPICIOUS_MOVE = YES;
				CLANG_WARN_UNGUARDED_AVAILABILITY = YES_AGGRESSIVE;
				CLANG_WARN_UNREACHABLE_CODE = YES;
				CLANG_WARN__DUPLICATE_METHOD_MATCH = YES;
				COPY_PHASE_STRIP = NO;
				DEBUG_INFORMATION_FORMAT = "dwarf-with-dsym";
				ENABLE_NS_ASSERTIONS = NO;
				ENABLE_STRICT_OBJC_MSGSEND = YES;
				ENABLE_USER_SCRIPT_SANDBOXING = YES;
				GCC_C_LANGUAGE_STANDARD = gnu17;
				GCC_NO_COMMON_BLOCKS = YES;
				GCC_WARN_64_TO_32_BIT_CONVERSION = YES;
				GCC_WARN_ABOUT_RETURN_TYPE = YES_ERROR;
				GCC_WARN_UNDECLARED_SELECTOR = YES;
				GCC_WARN_UNINITIALIZED_AUTOS = YES_AGGRESSIVE;
				GCC_WARN_UNUSED_FUNCTION = YES;
				GCC_WARN_UNUSED_VARIABLE = YES;
				IPHONEOS_DEPLOYMENT_TARGET = 26.2;
				LOCALIZATION_PREFERS_STRING_CATALOGS = YES;
				MTL_ENABLE_DEBUG_INFO = NO;
				MTL_FAST_MATH = YES;
				SDKROOT = iphoneos;
				SWIFT_COMPILATION_MODE = wholemodule;
				VALIDATE_PRODUCT = YES;
			};
			name = Release;
		};
		95ED46C42F3D291700D290A6 /* Debug */ = {
			isa = XCBuildConfiguration;
			buildSettings = {
				ASSETCATALOG_COMPILER_APPICON_NAME = AppIcon;
				ASSETCATALOG_COMPILER_GLOBAL_ACCENT_COLOR_NAME = AccentColor;
				CODE_SIGN_STYLE = Automatic;
				CURRENT_PROJECT_VERSION = 1;
				DEVELOPMENT_TEAM = 2N29D3D4NY;
				ENABLE_PREVIEWS = YES;
				GENERATE_INFOPLIST_FILE = YES;
				INFOPLIST_KEY_UIApplicationSceneManifest_Generation = YES;
				INFOPLIST_KEY_UIApplicationSupportsIndirectInputEvents = YES;
				INFOPLIST_KEY_UILaunchScreen_Generation = YES;
				INFOPLIST_KEY_UISupportedInterfaceOrientations_iPad = "UIInterfaceOrientationPortrait UIInterfaceOrientationPortraitUpsideDown UIInterfaceOrientationLandscapeLeft UIInterfaceOrientationLandscapeRight";
				INFOPLIST_KEY_UISupportedInterfaceOrientations_iPhone = "UIInterfaceOrientationPortrait UIInterfaceOrientationLandscapeLeft UIInterfaceOrientationLandscapeRight";
				LD_RUNPATH_SEARCH_PATHS = (
					"$(inherited)",
					"@executable_path/Frameworks",
				);
				MARKETING_VERSION = 1.0;
				PRODUCT_BUNDLE_IDENTIFIER = "com.Movie-Discovery-App";
				PRODUCT_NAME = "$(TARGET_NAME)";
				STRING_CATALOG_GENERATE_SYMBOLS = YES;
				SWIFT_APPROACHABLE_CONCURRENCY = YES;
				SWIFT_DEFAULT_ACTOR_ISOLATION = MainActor;
				SWIFT_EMIT_LOC_STRINGS = YES;
				SWIFT_UPCOMING_FEATURE_MEMBER_IMPORT_VISIBILITY = YES;
				SWIFT_VERSION = 5.0;
				TARGETED_DEVICE_FAMILY = "1,2";
			};
			name = Debug;
		};
		95ED46C52F3D291700D290A6 /* Release */ = {
			isa = XCBuildConfiguration;
			buildSettings = {
				ASSETCATALOG_COMPILER_APPICON_NAME = AppIcon;
				ASSETCATALOG_COMPILER_GLOBAL_ACCENT_COLOR_NAME = AccentColor;
				CODE_SIGN_STYLE = Automatic;
				CURRENT_PROJECT_VERSION = 1;
				DEVELOPMENT_TEAM = 2N29D3D4NY;
				ENABLE_PREVIEWS = YES;
				ENABLE_TESTABILITY = YES;
				GENERATE_INFOPLIST_FILE = YES;
				INFOPLIST_KEY_UIApplicationSceneManifest_Generation = YES;
				INFOPLIST_KEY_UIApplicationSupportsIndirectInputEvents = YES;
				INFOPLIST_KEY_UILaunchScreen_Generation = YES;
				INFOPLIST_KEY_UISupportedInterfaceOrientations_iPad = "UIInterfaceOrientationPortrait UIInterfaceOrientationPortraitUpsideDown UIInterfaceOrientationLandscapeLeft UIInterfaceOrientationLandscapeRight";
				INFOPLIST_KEY_UISupportedInterfaceOrientations_iPhone = "UIInterfaceOrientationPortrait UIInterfaceOrientationLandscapeLeft UIInterfaceOrientationLandscapeRight";
				LD_RUNPATH_SEARCH_PATHS = (
					"$(inherited)",
					"@executable_path/Frameworks",
				);
				MARKETING_VERSION = 1.0;
				PRODUCT_BUNDLE_IDENTIFIER = "com.Movie-Discovery-App";
				PRODUCT_NAME = "$(TARGET_NAME)";
				STRING_CATALOG_GENERATE_SYMBOLS = YES;
				SWIFT_APPROACHABLE_CONCURRENCY = YES;
				SWIFT_DEFAULT_ACTOR_ISOLATION = MainActor;
				SWIFT_EMIT_LOC_STRINGS = YES;
				SWIFT_UPCOMING_FEATURE_MEMBER_IMPORT_VISIBILITY = YES;
				SWIFT_VERSION = 5.0;
				TARGETED_DEVICE_FAMILY = "1,2";
			};
			name = Release;
		};
		95ED471D2F3D366100D290A6 /* Debug */ = {
			isa = XCBuildConfiguration;
			buildSettings = {
				CODE_SIGN_STYLE = Automatic;
				CURRENT_PROJECT_VERSION = 1;
				DEVELOPMENT_TEAM = 2N29D3D4NY;
				GENERATE_INFOPLIST_FILE = YES;
				MACOSX_DEPLOYMENT_TARGET = 26.2;
				MARKETING_VERSION = 1.0;
				PRODUCT_BUNDLE_IDENTIFIER = "com.alibek.Movie-Discovery-AppTests";
				PRODUCT_NAME = "$(TARGET_NAME)";
				SDKROOT = macosx;
				STRING_CATALOG_GENERATE_SYMBOLS = NO;
				SWIFT_APPROACHABLE_CONCURRENCY = YES;
				SWIFT_EMIT_LOC_STRINGS = NO;
				SWIFT_UPCOMING_FEATURE_MEMBER_IMPORT_VISIBILITY = YES;
				SWIFT_VERSION = 5.0;
				TEST_HOST = "$(BUILT_PRODUCTS_DIR)/Movie Discovery App.app/$(BUNDLE_EXECUTABLE_FOLDER_PATH)/Movie Discovery App";
			};
			name = Debug;
		};
		95ED471E2F3D366100D290A6 /* Release */ = {
			isa = XCBuildConfiguration;
			buildSettings = {
				CODE_SIGN_STYLE = Automatic;
				CURRENT_PROJECT_VERSION = 1;
				DEVELOPMENT_TEAM = 2N29D3D4NY;
				GENERATE_INFOPLIST_FILE = YES;
				MACOSX_DEPLOYMENT_TARGET = 26.2;
				MARKETING_VERSION = 1.0;
				PRODUCT_BUNDLE_IDENTIFIER = "com.alibek.Movie-Discovery-AppTests";
				PRODUCT_NAME = "$(TARGET_NAME)";
				SDKROOT = macosx;
				STRING_CATALOG_GENERATE_SYMBOLS = NO;
				SWIFT_APPROACHABLE_CONCURRENCY = YES;
				SWIFT_EMIT_LOC_STRINGS = NO;
				SWIFT_UPCOMING_FEATURE_MEMBER_IMPORT_VISIBILITY = YES;
				SWIFT_VERSION = 5.0;
				TEST_HOST = "$(BUILT_PRODUCTS_DIR)/Movie Discovery App.app/$(BUNDLE_EXECUTABLE_FOLDER_PATH)/Movie Discovery App";
			};
			name = Release;
		};
/* End XCBuildConfiguration section */

/* Begin XCConfigurationList section */
		95ED46B32F3D291400D290A6 /* Build configuration list for PBXProject "Movie Discovery App" */ = {
			isa = XCConfigurationList;
			buildConfigurations = (
				95ED46C12F3D291700D290A6 /* Debug */,
				95ED46C22F3D291700D290A6 /* Release */,
			);
			defaultConfigurationIsVisible = 0;
			defaultConfigurationName = Release;
		};
		95ED46C32F3D291700D290A6 /* Build configuration list for PBXNativeTarget "Movie Discovery App" */ = {
			isa = XCConfigurationList;
			buildConfigurations = (
				95ED46C42F3D291700D290A6 /* Debug */,
				95ED46C52F3D291700D290A6 /* Release */,
			);
			defaultConfigurationIsVisible = 0;
			defaultConfigurationName = Release;
		};
		95ED471C2F3D366100D290A6 /* Build configuration list for PBXNativeTarget "Movie Discovery AppTests" */ = {
			isa = XCConfigurationList;
			buildConfigurations = (
				95ED471D2F3D366100D290A6 /* Debug */,
				95ED471E2F3D366100D290A6 /* Release */,
			);
			defaultConfigurationIsVisible = 0;
			defaultConfigurationName = Release;
		};
/* End XCConfigurationList section */

/* Begin XCRemoteSwiftPackageReference section */
		95ED47072F3D31E900D290A6 /* XCRemoteSwiftPackageReference "firebase-ios-sdk" */ = {
			isa = XCRemoteSwiftPackageReference;
			repositoryURL = "https://github.com/firebase/firebase-ios-sdk";
			requirement = {
				kind = upToNextMajorVersion;
				minimumVersion = 12.9.0;
			};
		};
		95ED47102F3D336C00D290A6 /* XCRemoteSwiftPackageReference "Kingfisher" */ = {
			isa = XCRemoteSwiftPackageReference;
			repositoryURL = "https://github.com/onevcat/Kingfisher";
			requirement = {
				kind = upToNextMajorVersion;
				minimumVersion = 8.6.2;
			};
		};
/* End XCRemoteSwiftPackageReference section */

/* Begin XCSwiftPackageProductDependency section */
		95ED47082F3D31E900D290A6 /* FirebaseAnalytics */ = {
			isa = XCSwiftPackageProductDependency;
			package = 95ED47072F3D31E900D290A6 /* XCRemoteSwiftPackageReference "firebase-ios-sdk" */;
			productName = FirebaseAnalytics;
		};
		95ED470A2F3D31E900D290A6 /* FirebaseAuth */ = {
			isa = XCSwiftPackageProductDependency;
			package = 95ED47072F3D31E900D290A6 /* XCRemoteSwiftPackageReference "firebase-ios-sdk" */;
			productName = FirebaseAuth;
		};
		95ED470C2F3D31E900D290A6 /* FirebaseDatabase */ = {
			isa = XCSwiftPackageProductDependency;
			package = 95ED47072F3D31E900D290A6 /* XCRemoteSwiftPackageReference "firebase-ios-sdk" */;
			productName = FirebaseDatabase;
		};
		95ED470E2F3D31E900D290A6 /* FirebaseFirestore */ = {
			isa = XCSwiftPackageProductDependency;
			package = 95ED47072F3D31E900D290A6 /* XCRemoteSwiftPackageReference "firebase-ios-sdk" */;
			productName = FirebaseFirestore;
		};
		95ED47112F3D336C00D290A6 /* Kingfisher */ = {
			isa = XCSwiftPackageProductDependency;
			package = 95ED47102F3D336C00D290A6 /* XCRemoteSwiftPackageReference "Kingfisher" */;
			productName = Kingfisher;
		};
/* End XCSwiftPackageProductDependency section */

/* Begin XCVersionGroup section */
		95ED46D82F3D2C9700D290A6 /* MovieModel.xcdatamodeld */ = {
			isa = XCVersionGroup;
			children = (
				95ED46D92F3D2C9700D290A6 /* MovieModel.xcdatamodel */,
			);
			currentVersion = 95ED46D92F3D2C9700D290A6 /* MovieModel.xcdatamodel */;
			path = MovieModel.xcdatamodeld;
			sourceTree = "<group>";
			versionGroupType = wrapper.xcdatamodel;
		};
/* End XCVersionGroup section */
	};
	rootObject = 95ED46B02F3D291400D290A6 /* Project object */;
}
